{
  "version": 4,
  "terraform_version": "1.3.7",
  "serial": 695,
  "lineage": "9c27aa3d-3890-ee1a-9c16-b94d596980c0",
  "outputs": {},
  "resources": [
    {
      "mode": "managed",
      "type": "aws_iam_policy",
      "name": "secrets_policies",
      "provider": "provider[\"registry.terraform.io/hashicorp/aws\"]",
      "instances": [
        {
          "index_key": "fin3-dev-jha-cred-test-test",
          "schema_version": 0,
          "attributes": {
            "arn": "arn:aws:iam::261888767418:policy/fin3-dev-jha-cred-test-test",
            "description": "Access policy for fin3-dev-jha-cred-test-test secret",
            "id": "arn:aws:iam::261888767418:policy/fin3-dev-jha-cred-test-test",
            "name": "fin3-dev-jha-cred-test-test",
            "name_prefix": "",
            "path": "/",
            "policy": "{\"Statement\":[{\"Action\":[\"secretsmanager:GetSecretValue\",\"secretsmanager:DescribeSecret\"],\"Effect\":\"Allow\",\"Resource\":\"arn:aws:secretsmanager:us-east-1:261888767418:secret:fin3-dev-jha-cred-test-test-98ile1\"}],\"Version\":\"2012-10-17\"}",
            "policy_id": "ANPATZ6OJOW5ATNNJRNMU",
            "tags": {},
            "tags_all": {}
          },
          "sensitive_attributes": [],
          "private": "bnVsbA==",
          "dependencies": [
            "aws_secretsmanager_secret.secrets"
          ]
        },
        {
          "index_key": "stellar-gcp-credentials-test-test",
          "schema_version": 0,
          "attributes": {
            "arn": "arn:aws:iam::261888767418:policy/stellar-gcp-credentials-test-test",
            "description": "Access policy for stellar-gcp-credentials-test-test secret",
            "id": "arn:aws:iam::261888767418:policy/stellar-gcp-credentials-test-test",
            "name": "stellar-gcp-credentials-test-test",
            "name_prefix": "",
            "path": "/",
            "policy": "{\"Statement\":[{\"Action\":[\"secretsmanager:GetSecretValue\",\"secretsmanager:DescribeSecret\"],\"Effect\":\"Allow\",\"Resource\":\"arn:aws:secretsmanager:us-east-1:261888767418:secret:stellar-gcp-credentials-test-test-ePzgMk\"}],\"Version\":\"2012-10-17\"}",
            "policy_id": "ANPATZ6OJOW5NGORDFWIG",
            "tags": {},
            "tags_all": {}
          },
          "sensitive_attributes": [],
          "private": "bnVsbA==",
          "dependencies": [
            "aws_secretsmanager_secret.secrets"
          ]
        },
        {
          "index_key": "stellar-mainnet-admin-user-private-key-test-test",
          "schema_version": 0,
          "attributes": {
            "arn": "arn:aws:iam::261888767418:policy/stellar-mainnet-admin-user-private-key-test-test",
            "description": "Access policy for stellar-mainnet-admin-user-private-key-test-test secret",
            "id": "arn:aws:iam::261888767418:policy/stellar-mainnet-admin-user-private-key-test-test",
            "name": "stellar-mainnet-admin-user-private-key-test-test",
            "name_prefix": "",
            "path": "/",
            "policy": "{\"Statement\":[{\"Action\":[\"secretsmanager:GetSecretValue\",\"secretsmanager:DescribeSecret\"],\"Effect\":\"Allow\",\"Resource\":\"arn:aws:secretsmanager:us-east-1:261888767418:secret:stellar-mainnet-admin-user-private-key-test-test-lNdD3j\"}],\"Version\":\"2012-10-17\"}",
            "policy_id": "ANPATZ6OJOW5CX76GOMAE",
            "tags": {},
            "tags_all": {}
          },
          "sensitive_attributes": [],
          "private": "bnVsbA==",
          "dependencies": [
            "aws_secretsmanager_secret.secrets"
          ]
        },
        {
          "index_key": "utbpreprod-utb-segregated-account-test-test",
          "schema_version": 0,
          "attributes": {
            "arn": "arn:aws:iam::261888767418:policy/utbpreprod-utb-segregated-account-test-test",
            "description": "Access policy for utbpreprod-utb-segregated-account-test-test secret",
            "id": "arn:aws:iam::261888767418:policy/utbpreprod-utb-segregated-account-test-test",
            "name": "utbpreprod-utb-segregated-account-test-test",
            "name_prefix": "",
            "path": "/",
            "policy": "{\"Statement\":[{\"Action\":[\"secretsmanager:GetSecretValue\",\"secretsmanager:DescribeSecret\"],\"Effect\":\"Allow\",\"Resource\":\"arn:aws:secretsmanager:us-east-1:261888767418:secret:utbpreprod-utb-segregated-account-test-test-UL3iGi\"}],\"Version\":\"2012-10-17\"}",
            "policy_id": "ANPATZ6OJOW5BD756FIER",
            "tags": {},
            "tags_all": {}
          },
          "sensitive_attributes": [],
          "private": "bnVsbA==",
          "dependencies": [
            "aws_secretsmanager_secret.secrets"
          ]
        }
      ]
    },
    {
      "mode": "managed",
      "type": "aws_secretsmanager_secret",
      "name": "secrets",
      "provider": "provider[\"registry.terraform.io/hashicorp/aws\"]",
      "instances": [
        {
          "index_key": "fin3-dev-jha-cred-test-test",
          "schema_version": 0,
          "attributes": {
            "arn": "arn:aws:secretsmanager:us-east-1:261888767418:secret:fin3-dev-jha-cred-test-test-98ile1",
            "description": "",
            "force_overwrite_replica_secret": false,
            "id": "arn:aws:secretsmanager:us-east-1:261888767418:secret:fin3-dev-jha-cred-test-test-98ile1",
            "kms_key_id": "",
            "name": "fin3-dev-jha-cred-test-test",
            "name_prefix": "",
            "policy": "",
            "recovery_window_in_days": 30,
            "replica": [],
            "tags": {},
            "tags_all": {}
          },
          "sensitive_attributes": [],
          "private": "bnVsbA=="
        },
        {
          "index_key": "stellar-gcp-credentials-test-test",
          "schema_version": 0,
          "attributes": {
            "arn": "arn:aws:secretsmanager:us-east-1:261888767418:secret:stellar-gcp-credentials-test-test-ePzgMk",
            "description": "",
            "force_overwrite_replica_secret": false,
            "id": "arn:aws:secretsmanager:us-east-1:261888767418:secret:stellar-gcp-credentials-test-test-ePzgMk",
            "kms_key_id": "",
            "name": "stellar-gcp-credentials-test-test",
            "name_prefix": "",
            "policy": "",
            "recovery_window_in_days": 30,
            "replica": [],
            "tags": {},
            "tags_all": {}
          },
          "sensitive_attributes": [],
          "private": "bnVsbA=="
        },
        {
          "index_key": "stellar-mainnet-admin-user-private-key-test-test",
          "schema_version": 0,
          "attributes": {
            "arn": "arn:aws:secretsmanager:us-east-1:261888767418:secret:stellar-mainnet-admin-user-private-key-test-test-lNdD3j",
            "description": "",
            "force_overwrite_replica_secret": false,
            "id": "arn:aws:secretsmanager:us-east-1:261888767418:secret:stellar-mainnet-admin-user-private-key-test-test-lNdD3j",
            "kms_key_id": "",
            "name": "stellar-mainnet-admin-user-private-key-test-test",
            "name_prefix": "",
            "policy": "",
            "recovery_window_in_days": 30,
            "replica": [],
            "tags": {},
            "tags_all": {}
          },
          "sensitive_attributes": [],
          "private": "bnVsbA=="
        },
        {
          "index_key": "stellar-mainnet-orchestration-service-creds-test-test",
          "schema_version": 0,
          "attributes": {
            "arn": "arn:aws:secretsmanager:us-east-1:261888767418:secret:stellar-mainnet-orchestration-service-creds-test-test-46ZuYZ",
            "description": "",
            "force_overwrite_replica_secret": false,
            "id": "arn:aws:secretsmanager:us-east-1:261888767418:secret:stellar-mainnet-orchestration-service-creds-test-test-46ZuYZ",
            "kms_key_id": "",
            "name": "stellar-mainnet-orchestration-service-creds-test-test",
            "name_prefix": "",
            "policy": "",
            "recovery_window_in_days": 30,
            "replica": [],
            "tags": {},
            "tags_all": {}
          },
          "sensitive_attributes": [],
          "private": "bnVsbA=="
        },
        {
          "index_key": "utbpreprod-fireblocks-key-test-test",
          "schema_version": 0,
          "attributes": {
            "arn": "arn:aws:secretsmanager:us-east-1:261888767418:secret:utbpreprod-fireblocks-key-test-test-hJUMMg",
            "description": "",
            "force_overwrite_replica_secret": false,
            "id": "arn:aws:secretsmanager:us-east-1:261888767418:secret:utbpreprod-fireblocks-key-test-test-hJUMMg",
            "kms_key_id": "",
            "name": "utbpreprod-fireblocks-key-test-test",
            "name_prefix": "",
            "policy": "",
            "recovery_window_in_days": 30,
            "replica": [],
            "tags": {},
            "tags_all": {}
          },
          "sensitive_attributes": [],
          "private": "bnVsbA=="
        },
        {
          "index_key": "utbpreprod-utb-segregated-account-fireblocks-key-test-test",
          "schema_version": 0,
          "attributes": {
            "arn": "arn:aws:secretsmanager:us-east-1:261888767418:secret:utbpreprod-utb-segregated-account-fireblocks-key-test-test-H862R1",
            "description": "",
            "force_overwrite_replica_secret": false,
            "id": "arn:aws:secretsmanager:us-east-1:261888767418:secret:utbpreprod-utb-segregated-account-fireblocks-key-test-test-H862R1",
            "kms_key_id": "",
            "name": "utbpreprod-utb-segregated-account-fireblocks-key-test-test",
            "name_prefix": "",
            "policy": "",
            "recovery_window_in_days": 30,
            "replica": [],
            "tags": {},
            "tags_all": {}
          },
          "sensitive_attributes": [],
          "private": "bnVsbA=="
        },
        {
          "index_key": "utbpreprod-utb-segregated-account-test-test",
          "schema_version": 0,
          "attributes": {
            "arn": "arn:aws:secretsmanager:us-east-1:261888767418:secret:utbpreprod-utb-segregated-account-test-test-UL3iGi",
            "description": "",
            "force_overwrite_replica_secret": false,
            "id": "arn:aws:secretsmanager:us-east-1:261888767418:secret:utbpreprod-utb-segregated-account-test-test-UL3iGi",
            "kms_key_id": "",
            "name": "utbpreprod-utb-segregated-account-test-test",
            "name_prefix": "",
            "policy": "",
            "recovery_window_in_days": 30,
            "replica": [],
            "tags": {},
            "tags_all": {}
          },
          "sensitive_attributes": [],
          "private": "bnVsbA=="
        },
        {
          "index_key": "utbpreprod-utbadmin-test-test",
          "schema_version": 0,
          "attributes": {
            "arn": "arn:aws:secretsmanager:us-east-1:261888767418:secret:utbpreprod-utbadmin-test-test-ePzgMk",
            "description": "",
            "force_overwrite_replica_secret": false,
            "id": "arn:aws:secretsmanager:us-east-1:261888767418:secret:utbpreprod-utbadmin-test-test-ePzgMk",
            "kms_key_id": "",
            "name": "utbpreprod-utbadmin-test-test",
            "name_prefix": "",
            "policy": "",
            "recovery_window_in_days": 30,
            "replica": [],
            "tags": {},
            "tags_all": {}
          },
          "sensitive_attributes": [],
          "private": "bnVsbA=="
        }
      ]
    }
  ],
  "check_results": null
}
